// !$*UTF8*$!
{
	archiveVersion = 1;
	classes = {
	};
	objectVersion = 50;
	objects = {

/* Begin PBXBuildFile section */
		63563E882398FCE600315722 /* AppDelegate.swift in Sources */ = {isa = PBXBuildFile; fileRef = 63563E872398FCE600315722 /* AppDelegate.swift */; };
		63563E8A2398FCE600315722 /* SceneDelegate.swift in Sources */ = {isa = PBXBuildFile; fileRef = 63563E892398FCE600315722 /* SceneDelegate.swift */; };
		63563E8C2398FCE600315722 /* field1.swift in Sources */ = {isa = PBXBuildFile; fileRef = 63563E8B2398FCE600315722 /* field1.swift */; };
		63563E8F2398FCE600315722 /* Main.storyboard in Resources */ = {isa = PBXBuildFile; fileRef = 63563E8D2398FCE600315722 /* Main.storyboard */; };
		63563E912398FCE700315722 /* Assets.xcassets in Resources */ = {isa = PBXBuildFile; fileRef = 63563E902398FCE700315722 /* Assets.xcassets */; };
		63563E942398FCE700315722 /* LaunchScreen.storyboard in Resources */ = {isa = PBXBuildFile; fileRef = 63563E922398FCE700315722 /* LaunchScreen.storyboard */; };
		63563E9C2398FE0800315722 /* field2.swift in Sources */ = {isa = PBXBuildFile; fileRef = 63563E9B2398FE0800315722 /* field2.swift */; };
		63563E9E2398FE5200315722 /* field3.swift in Sources */ = {isa = PBXBuildFile; fileRef = 63563E9D2398FE5200315722 /* field3.swift */; };
		63563EA02398FE5D00315722 /* field4.swift in Sources */ = {isa = PBXBuildFile; fileRef = 63563E9F2398FE5D00315722 /* field4.swift */; };
		6F15A7C82399FCC3003B3481 /* background.mp3 in Resources */ = {isa = PBXBuildFile; fileRef = 6F15A7C52399FCC3003B3481 /* background.mp3 */; };
		6F15A7C92399FCC3003B3481 /* Quiz-Wrong_Buzzer02-2.mp3 in Resources */ = {isa = PBXBuildFile; fileRef = 6F15A7C62399FCC3003B3481 /* Quiz-Wrong_Buzzer02-2.mp3 */; };
		6F15A7CA2399FCC3003B3481 /* Quiz-Buzzer01-1.mp3 in Resources */ = {isa = PBXBuildFile; fileRef = 6F15A7C72399FCC3003B3481 /* Quiz-Buzzer01-1.mp3 */; };
		6F9CB2642399F9280066C5C5 /* BattleScene.swift in Sources */ = {isa = PBXBuildFile; fileRef = 6F9CB2632399F9280066C5C5 /* BattleScene.swift */; };
/* End PBXBuildFile section */

/* Begin PBXFileReference section */
		63563E842398FCE600315722 /* GroupF.app */ = {isa = PBXFileReference; explicitFileType = wrapper.application; includeInIndex = 0; path = GroupF.app; sourceTree = BUILT_PRODUCTS_DIR; };
		63563E872398FCE600315722 /* AppDelegate.swift */ = {isa = PBXFileReference; lastKnownFileType = sourcecode.swift; path = AppDelegate.swift; sourceTree = "<group>"; };
		63563E892398FCE600315722 /* SceneDelegate.swift */ = {isa = PBXFileReference; lastKnownFileType = sourcecode.swift; path = SceneDelegate.swift; sourceTree = "<group>"; };
		63563E8B2398FCE600315722 /* field1.swift */ = {isa = PBXFileReference; lastKnownFileType = sourcecode.swift; path = field1.swift; sourceTree = "<group>"; };
		63563E8E2398FCE600315722 /* Base */ = {isa = PBXFileReference; lastKnownFileType = file.storyboard; name = Base; path = Base.lproj/Main.storyboard; sourceTree = "<group>"; };
		63563E902398FCE700315722 /* Assets.xcassets */ = {isa = PBXFileReference; lastKnownFileType = folder.assetcatalog; path = Assets.xcassets; sourceTree = "<group>"; };
		63563E932398FCE700315722 /* Base */ = {isa = PBXFileReference; lastKnownFileType = file.storyboard; name = Base; path = Base.lproj/LaunchScreen.storyboard; sourceTree = "<group>"; };
		63563E952398FCE700315722 /* Info.plist */ = {isa = PBXFileReference; lastKnownFileType = text.plist.xml; path = Info.plist; sourceTree = "<group>"; };
		63563E9B2398FE0800315722 /* field2.swift */ = {isa = PBXFileReference; lastKnownFileType = sourcecode.swift; path = field2.swift; sourceTree = "<group>"; };
		63563E9D2398FE5200315722 /* field3.swift */ = {isa = PBXFileReference; lastKnownFileType = sourcecode.swift; path = field3.swift; sourceTree = "<group>"; };
		63563E9F2398FE5D00315722 /* field4.swift */ = {isa = PBXFileReference; lastKnownFileType = sourcecode.swift; path = field4.swift; sourceTree = "<group>"; };
		6F15A7C52399FCC3003B3481 /* background.mp3 */ = {isa = PBXFileReference; lastKnownFileType = audio.mp3; path = background.mp3; sourceTree = "<group>"; };
		6F15A7C62399FCC3003B3481 /* Quiz-Wrong_Buzzer02-2.mp3 */ = {isa = PBXFileReference; lastKnownFileType = audio.mp3; path = "Quiz-Wrong_Buzzer02-2.mp3"; sourceTree = "<group>"; };
		6F15A7C72399FCC3003B3481 /* Quiz-Buzzer01-1.mp3 */ = {isa = PBXFileReference; lastKnownFileType = audio.mp3; path = "Quiz-Buzzer01-1.mp3"; sourceTree = "<group>"; };
		6F9CB2632399F9280066C5C5 /* BattleScene.swift */ = {isa = PBXFileReference; fileEncoding = 4; lastKnownFileType = sourcecode.swift; path = BattleScene.swift; sourceTree = "<group>"; };
/* End PBXFileReference section */

/* Begin PBXFrameworksBuildPhase section */
		63563E812398FCE600315722 /* Frameworks */ = {
			isa = PBXFrameworksBuildPhase;
			buildActionMask = 2147483647;
			files = (
			);
			runOnlyForDeploymentPostprocessing = 0;
		};
/* End PBXFrameworksBuildPhase section */

/* Begin PBXGroup section */
		63563E7B2398FCE600315722 = {
			isa = PBXGroup;
			children = (
				63563E862398FCE600315722 /* GroupF */,
				63563E852398FCE600315722 /* Products */,
			);
			sourceTree = "<group>";
		};
		63563E852398FCE600315722 /* Products */ = {
			isa = PBXGroup;
			children = (
				63563E842398FCE600315722 /* GroupF.app */,
			);
			name = Products;
			sourceTree = "<group>";
		};
		63563E862398FCE600315722 /* GroupF */ = {
			isa = PBXGroup;
			children = (
				6F9CB2632399F9280066C5C5 /* BattleScene.swift */,
				63563E872398FCE600315722 /* AppDelegate.swift */,
				63563E892398FCE600315722 /* SceneDelegate.swift */,
				63563E8B2398FCE600315722 /* field1.swift */,
				63563E8D2398FCE600315722 /* Main.storyboard */,
				63563E902398FCE700315722 /* Assets.xcassets */,
				6F15A7C52399FCC3003B3481 /* background.mp3 */,
				6F15A7C72399FCC3003B3481 /* Quiz-Buzzer01-1.mp3 */,
				6F15A7C62399FCC3003B3481 /* Quiz-Wrong_Buzzer02-2.mp3 */,
				63563E922398FCE700315722 /* LaunchScreen.storyboard */,
				63563E952398FCE700315722 /* Info.plist */,
				63563E9B2398FE0800315722 /* field2.swift */,
				63563E9D2398FE5200315722 /* field3.swift */,
				63563E9F2398FE5D00315722 /* field4.swift */,
			);
			path = GroupF;
			sourceTree = "<group>";
		};
/* End PBXGroup section */

/* Begin PBXNativeTarget section */
		63563E832398FCE600315722 /* GroupF */ = {
			isa = PBXNativeTarget;
			buildConfigurationList = 63563E982398FCE700315722 /* Build configuration list for PBXNativeTarget "GroupF" */;
			buildPhases = (
				63563E802398FCE600315722 /* Sources */,
				63563E812398FCE600315722 /* Frameworks */,
				63563E822398FCE600315722 /* Resources */,
			);
			buildRules = (
			);
			dependencies = (
			);
			name = GroupF;
			productName = GroupF;
			productReference = 63563E842398FCE600315722 /* GroupF.app */;
			productType = "com.apple.product-type.application";
		};
/* End PBXNativeTarget section */

/* Begin PBXProject section */
		63563E7C2398FCE600315722 /* Project object */ = {
			isa = PBXProject;
			attributes = {
				LastSwiftUpdateCheck = 1120;
				LastUpgradeCheck = 1120;
				ORGANIZATIONNAME = "津覇　翔也";
				TargetAttributes = {
					63563E832398FCE600315722 = {
						CreatedOnToolsVersion = 11.2.1;
					};
				};
			};
			buildConfigurationList = 63563E7F2398FCE600315722 /* Build configuration list for PBXProject "GroupF" */;
			compatibilityVersion = "Xcode 9.3";
			developmentRegion = en;
			hasScannedForEncodings = 0;
			knownRegions = (
				en,
				Base,
			);
			mainGroup = 63563E7B2398FCE600315722;
			productRefGroup = 63563E852398FCE600315722 /* Products */;
			projectDirPath = "";
			projectRoot = "";
			targets = (
				63563E832398FCE600315722 /* GroupF */,
			);
		};
/* End PBXProject section */

/* Begin PBXResourcesBuildPhase section */
		63563E822398FCE600315722 /* Resources */ = {
			isa = PBXResourcesBuildPhase;
			buildActionMask = 2147483647;
			files = (
				6F15A7CA2399FCC3003B3481 /* Quiz-Buzzer01-1.mp3 in Resources */,
				6F15A7C82399FCC3003B3481 /* background.mp3 in Resources */,
				63563E942398FCE700315722 /* LaunchScreen.storyboard in Resources */,
				6F15A7C92399FCC3003B3481 /* Quiz-Wrong_Buzzer02-2.mp3 in Resources */,
				63563E912398FCE700315722 /* Assets.xcassets in Resources */,
				63563E8F2398FCE600315722 /* Main.storyboard in Resources */,
			);
			runOnlyForDeploymentPostprocessing = 0;
		};
/* End PBXResourcesBuildPhase section */

/* Begin PBXSourcesBuildPhase section */
		63563E802398FCE600315722 /* Sources */ = {
			isa = PBXSourcesBuildPhase;
			buildActionMask = 2147483647;
			files = (
				63563E9E2398FE5200315722 /* field3.swift in Sources */,
				63563EA02398FE5D00315722 /* field4.swift in Sources */,
				63563E8C2398FCE600315722 /* field1.swift in Sources */,
				63563E9C2398FE0800315722 /* field2.swift in Sources */,
				63563E882398FCE600315722 /* AppDelegate.swift in Sources */,
				6F9CB2642399F9280066C5C5 /* BattleScene.swift in Sources */,
				63563E8A2398FCE600315722 /* SceneDelegate.swift in Sources */,
			);
			runOnlyForDeploymentPostprocessing = 0;
		};
/* End PBXSourcesBuildPhase section */

/* Begin PBXVariantGroup section */
		63563E8D2398FCE600315722 /* Main.storyboard */ = {
			isa = PBXVariantGroup;
			children = (
				63563E8E2398FCE600315722 /* Base */,
			);
			name = Main.storyboard;
			sourceTree = "<group>";
		};
		63563E922398FCE700315722 /* LaunchScreen.storyboard */ = {
			isa = PBXVariantGroup;
			children = (
				63563E932398FCE700315722 /* Base */,
			);
			name = LaunchScreen.storyboard;
			sourceTree = "<group>";
		};
/* End PBXVariantGroup section */

/* Begin XCBuildConfiguration section */
		63563E962398FCE700315722 /* Debug */ = {
			isa = XCBuildConfiguration;
			buildSettings = {
				ALWAYS_SEARCH_USER_PATHS = NO;
				CLANG_ANALYZER_NONNULL = YES;
				CLANG_ANALYZER_NUMBER_OBJECT_CONVERSION = YES_AGGRESSIVE;
				CLANG_CXX_LANGUAGE_STANDARD = "gnu++14";
				CLANG_CXX_LIBRARY = "libc++";
				CLANG_ENABLE_MODULES = YES;
				CLANG_ENABLE_OBJC_ARC = YES;
				CLANG_ENABLE_OBJC_WEAK = YES;
				CLANG_WARN_BLOCK_CAPTURE_AUTORELEASING = YES;
				CLANG_WARN_BOOL_CONVERSION = YES;
				CLANG_WARN_COMMA = YES;
				CLANG_WARN_CONSTANT_CONVERSION = YES;
				CLANG_WARN_DEPRECATED_OBJC_IMPLEMENTATIONS = YES;
				CLANG_WARN_DIRECT_OBJC_ISA_USAGE = YES_ERROR;
				CLANG_WARN_DOCUMENTATION_COMMENTS = YES;
				CLANG_WARN_EMPTY_BODY = YES;
				CLANG_WARN_ENUM_CONVERSION = YES;
				CLANG_WARN_INFINITE_RECURSION = YES;
				CLANG_WARN_INT_CONVERSION = YES;
				CLANG_WARN_NON_LITERAL_NULL_CONVERSION = YES;
				CLANG_WARN_OBJC_IMPLICIT_RETAIN_SELF = YES;
				CLANG_WARN_OBJC_LITERAL_CONVERSION = YES;
				CLANG_WARN_OBJC_ROOT_CLASS = YES_ERROR;
				CLANG_WARN_RANGE_LOOP_ANALYSIS = YES;
				CLANG_WARN_STRICT_PROTOTYPES = YES;
				CLANG_WARN_SUSPICIOUS_MOVE = YES;
				CLANG_WARN_UNGUARDED_AVAILABILITY = YES_AGGRESSIVE;
				CLANG_WARN_UNREACHABLE_CODE = YES;
				CLANG_WARN__DUPLICATE_METHOD_MATCH = YES;
				COPY_PHASE_STRIP = NO;
				DEBUG_INFORMATION_FORMAT = dwarf;
				ENABLE_STRICT_OBJC_MSGSEND = YES;
				ENABLE_TESTABILITY = YES;
				GCC_C_LANGUAGE_STANDARD = gnu11;
				GCC_DYNAMIC_NO_PIC = NO;
				GCC_NO_COMMON_BLOCKS = YES;
				GCC_OPTIMIZATION_LEVEL = 0;
				GCC_PREPROCESSOR_DEFINITIONS = (
					"DEBUG=1",
					"$(inherited)",
				);
				GCC_WARN_64_TO_32_BIT_CONVERSION = YES;
				GCC_WARN_ABOUT_RETURN_TYPE = YES_ERROR;
				GCC_WARN_UNDECLARED_SELECTOR = YES;
				GCC_WARN_UNINITIALIZED_AUTOS = YES_AGGRESSIVE;
				GCC_WARN_UNUSED_FUNCTION = YES;
				GCC_WARN_UNUSED_VARIABLE = YES;
				IPHONEOS_DEPLOYMENT_TARGET = 13.2;
				MTL_ENABLE_DEBUG_INFO = INCLUDE_SOURCE;
				MTL_FAST_MATH = YES;
				ONLY_ACTIVE_ARCH = YES;
				SDKROOT = iphoneos;
				SWIFT_ACTIVE_COMPILATION_CONDITIONS = DEBUG;
				SWIFT_OPTIMIZATION_LEVEL = "-Onone";
			};
			name = Debug;
		};
		63563E972398FCE700315722 /* Release */ = {
			isa = XCBuildConfiguration;
			buildSettings = {
				ALWAYS_SEARCH_USER_PATHS = NO;
				CLANG_ANALYZER_NONNULL = YES;
				CLANG_ANALYZER_NUMBER_OBJECT_CONVERSION = YES_AGGRESSIVE;
				CLANG_CXX_LANGUAGE_STANDARD = "gnu++14";
				CLANG_CXX_LIBRARY = "libc++";
				CLANG_ENABLE_MODULES = YES;
				CLANG_ENABLE_OBJC_ARC = YES;
				CLANG_ENABLE_OBJC_WEAK = YES;
				CLANG_WARN_BLOCK_CAPTURE_AUTORELEASING = YES;
				CLANG_WARN_BOOL_CONVERSION = YES;
				CLANG_WARN_COMMA = YES;
				CLANG_WARN_CONSTANT_CONVERSION = YES;
				CLANG_WARN_DEPRECATED_OBJC_IMPLEMENTATIONS = YES;
				CLANG_WARN_DIRECT_OBJC_ISA_USAGE = YES_ERROR;
				CLANG_WARN_DOCUMENTATION_COMMENTS = YES;
				CLANG_WARN_EMPTY_BODY = YES;
				CLANG_WARN_ENUM_CONVERSION = YES;
				CLANG_WARN_INFINITE_RECURSION = YES;
				CLANG_WARN_INT_CONVERSION = YES;
				CLANG_WARN_NON_LITERAL_NULL_CONVERSION = YES;
				CLANG_WARN_OBJC_IMPLICIT_RETAIN_SELF = YES;
				CLANG_WARN_OBJC_LITERAL_CONVERSION = YES;
				CLANG_WARN_OBJC_ROOT_CLASS = YES_ERROR;
				CLANG_WARN_RANGE_LOOP_ANALYSIS = YES;
				CLANG_WARN_STRICT_PROTOTYPES = YES;
				CLANG_WARN_SUSPICIOUS_MOVE = YES;
				CLANG_WARN_UNGUARDED_AVAILABILITY = YES_AGGRESSIVE;
				CLANG_WARN_UNREACHABLE_CODE = YES;
				CLANG_WARN__DUPLICATE_METHOD_MATCH = YES;
				COPY_PHASE_STRIP = NO;
				DEBUG_INFORMATION_FORMAT = "dwarf-with-dsym";
				ENABLE_NS_ASSERTIONS = NO;
				ENABLE_STRICT_OBJC_MSGSEND = YES;
				GCC_C_LANGUAGE_STANDARD = gnu11;
				GCC_NO_COMMON_BLOCKS = YES;
				GCC_WARN_64_TO_32_BIT_CONVERSION = YES;
				GCC_WARN_ABOUT_RETURN_TYPE = YES_ERROR;
				GCC_WARN_UNDECLARED_SELECTOR = YES;
				GCC_WARN_UNINITIALIZED_AUTOS = YES_AGGRESSIVE;
				GCC_WARN_UNUSED_FUNCTION = YES;
				GCC_WARN_UNUSED_VARIABLE = YES;
				IPHONEOS_DEPLOYMENT_TARGET = 13.2;
				MTL_ENABLE_DEBUG_INFO = NO;
				MTL_FAST_MATH = YES;
				SDKROOT = iphoneos;
				SWIFT_COMPILATION_MODE = wholemodule;
				SWIFT_OPTIMIZATION_LEVEL = "-O";
				VALIDATE_PRODUCT = YES;
			};
			name = Release;
		};
		63563E992398FCE700315722 /* Debug */ = {
			isa = XCBuildConfiguration;
			buildSettings = {
				ASSETCATALOG_COMPILER_APPICON_NAME = AppIcon;
				CODE_SIGN_STYLE = Automatic;
				INFOPLIST_FILE = GroupF/Info.plist;
				LD_RUNPATH_SEARCH_PATHS = (
					"$(inherited)",
					"@executable_path/Frameworks",
				);
				PRODUCT_BUNDLE_IDENTIFIER = "com.-----.GroupF";
				PRODUCT_NAME = "$(TARGET_NAME)";
				SWIFT_VERSION = 5.0;
				TARGETED_DEVICE_FAMILY = "1,2";
			};
			name = Debug;
		};
		63563E9A2398FCE700315722 /* Release */ = {
			isa = XCBuildConfiguration;
			buildSettings = {
				ASSETCATALOG_COMPILER_APPICON_NAME = AppIcon;
				CODE_SIGN_STYLE = Automatic;
				INFOPLIST_FILE = GroupF/Info.plist;
				LD_RUNPATH_SEARCH_PATHS = (
					"$(inherited)",
					"@executable_path/Frameworks",
				);
				PRODUCT_BUNDLE_IDENTIFIER = "com.-----.GroupF";
				PRODUCT_NAME = "$(TARGET_NAME)";
				SWIFT_VERSION = 5.0;
				TARGETED_DEVICE_FAMILY = "1,2";
			};
			name = Release;
		};
/* End XCBuildConfiguration section */

/* Begin XCConfigurationList section */
		63563E7F2398FCE600315722 /* Build configuration list for PBXProject "GroupF" */ = {
			isa = XCConfigurationList;
			buildConfigurations = (
				63563E962398FCE700315722 /* Debug */,
				63563E972398FCE700315722 /* Release */,
			);
			defaultConfigurationIsVisible = 0;
			defaultConfigurationName = Release;
		};
		63563E982398FCE700315722 /* Build configuration list for PBXNativeTarget "GroupF" */ = {
			isa = XCConfigurationList;
			buildConfigurations = (
				63563E992398FCE700315722 /* Debug */,
				63563E9A2398FCE700315722 /* Release */,
			);
			defaultConfigurationIsVisible = 0;
			defaultConfigurationName = Release;
		};
/* End XCConfigurationList section */
	};
	rootObject = 63563E7C2398FCE600315722 /* Project object */;
}
